
Microsoft Visual Studio Solution File, Format Version 12.00
# Visual Studio 2012
Project("{FAE04EC0-301F-11D3-BF4B-00C04F79EFBC}") = "Sol2Reg.ShortService", "Sol2Reg.ShortService\Sol2Reg.ShortService.csproj", "{FF42BE5F-76E5-48BD-A590-0DABCC1901C9}"
EndProject
Project("{FAE04EC0-301F-11D3-BF4B-00C04F79EFBC}") = "Sol2Reg.IO.ADAM6000Com", "Sol2Reg.IO.ADAM6000Com\Sol2Reg.IO.ADAM6000Com.csproj", "{5E6A9BF5-35DF-459E-9742-EDB8E1902689}"
EndProject
Project("{FAE04EC0-301F-11D3-BF4B-00C04F79EFBC}") = "Sol2Reg.IO", "Sol2Reg.IO\Sol2Reg.IO.csproj", "{554D1A8D-701B-4B6D-A679-4286850FC66E}"
EndProject
Project("{FAE04EC0-301F-11D3-BF4B-00C04F79EFBC}") = "Sol2Reg.Regulation.Basique", "Sol2Reg.Regulation.Basique\Sol2Reg.Regulation.Basique.csproj", "{5FB9C424-4177-48B2-A109-F4FD1E25557C}"
	ProjectSection(ProjectDependencies) = postProject
		{FF42BE5F-76E5-48BD-A590-0DABCC1901C9} = {FF42BE5F-76E5-48BD-A590-0DABCC1901C9}
	EndProjectSection
EndProject
Project("{FAE04EC0-301F-11D3-BF4B-00C04F79EFBC}") = "Sol2Reg.IO.Interface", "Sol2Reg.IO.Interface\Sol2Reg.IO.Interface.csproj", "{F4225537-D4C1-4632-954D-3650E223B78A}"
EndProject
Project("{FAE04EC0-301F-11D3-BF4B-00C04F79EFBC}") = "Sol2Reg.IO.Simulator", "Sol2Reg.IO.Simulator\Sol2Reg.IO.Simulator.csproj", "{7B0FBB41-000D-41F5-B8D2-2FB6F895E1D5}"
EndProject
Project("{FAE04EC0-301F-11D3-BF4B-00C04F79EFBC}") = "Sol2Reg.Service", "Sol2Reg.Service\Sol2Reg.Service.csproj", "{15B3E0D2-6217-493A-A690-158C497F5318}"
EndProject
Project("{FAE04EC0-301F-11D3-BF4B-00C04F79EFBC}") = "Sol2Reg.ServiceData", "Sol2Reg.ServiceData\Sol2Reg.ServiceData.csproj", "{1A4A2472-E210-4BD8-8C80-2A16A3E11AD9}"
EndProject
Project("{FAE04EC0-301F-11D3-BF4B-00C04F79EFBC}") = "Sol2Reg.Supervisor", "Client WPF\Sol2Reg.Supervisor\Sol2Reg.Supervisor.csproj", "{C3C5D91E-EFEE-47C9-8AC5-7CE3ED7D029E}"
EndProject
Project("{FAE04EC0-301F-11D3-BF4B-00C04F79EFBC}") = "Sol2Reg.GuiModule.Base", "Client Silverlight\Sol2Reg.GuiModule.Base\Sol2Reg.GuiModule.Base.csproj", "{A7E8C88D-49FD-42A9-BD3E-20EEA2E90C3C}"
	ProjectSection(ProjectDependencies) = postProject
		{B5B3C9BD-4637-45DD-ACA2-BBCE7FEF3F92} = {B5B3C9BD-4637-45DD-ACA2-BBCE7FEF3F92}
		{15B3E0D2-6217-493A-A690-158C497F5318} = {15B3E0D2-6217-493A-A690-158C497F5318}
	EndProjectSection
EndProject
Project("{FAE04EC0-301F-11D3-BF4B-00C04F79EFBC}") = "Sol2Reg.Web", "Client Silverlight\Sol2Reg.Web\Sol2Reg.Web.csproj", "{B5B3C9BD-4637-45DD-ACA2-BBCE7FEF3F92}"
EndProject
Project("{2150E333-8FDC-42A3-9474-1A3956D46DE8}") = "Client", "Client", "{8A6DE63F-9214-4906-A2A6-7BEBD351519B}"
EndProject
Project("{2150E333-8FDC-42A3-9474-1A3956D46DE8}") = "Server", "Server", "{50546F75-B639-4586-B7B4-4DBC14E36FEC}"
EndProject
Project("{2150E333-8FDC-42A3-9474-1A3956D46DE8}") = "Tests", "Tests", "{46EF97C4-7B41-4FAF-80EA-BB3519467F40}"
EndProject
Project("{FAE04EC0-301F-11D3-BF4B-00C04F79EFBC}") = "Sol2Reg.ServiceData", "Client Silverlight\Sol2Reg.ServiceData\Sol2Reg.ServiceData.csproj", "{70BA5B70-F0A9-4D3C-83B1-EBC1F01B4302}"
EndProject
Project("{FAE04EC0-301F-11D3-BF4B-00C04F79EFBC}") = "Sol2Reg.Tools", "Sol2Reg.Tools\Sol2Reg.Tools.csproj", "{76A66726-2BFC-450B-9D81-1A3865F66EB1}"
EndProject
Project("{FAE04EC0-301F-11D3-BF4B-00C04F79EFBC}") = "Sol2Reg.IO.Test", "Tests\Sol2Reg.IO.Test\Sol2Reg.IO.Test.csproj", "{EAA7C8DA-10C5-431F-B9F0-BDD679D4D74B}"
EndProject
Project("{FAE04EC0-301F-11D3-BF4B-00C04F79EFBC}") = "Sol2Reg.IO.Interface.Test", "Tests\Sol2Reg.IO.Interface.Test\Sol2Reg.IO.Interface.Test.csproj", "{830D2314-D835-4053-9DBC-229627FBAD3F}"
EndProject
Project("{FAE04EC0-301F-11D3-BF4B-00C04F79EFBC}") = "Sol2Reg.Tools.Test", "Tests\Sol2Reg.Tools.Test\Sol2Reg.Tools.Test.csproj", "{5A2E0FE6-57BC-4AB4-9139-BBA7A669F620}"
EndProject
Project("{FAE04EC0-301F-11D3-BF4B-00C04F79EFBC}") = "Sol2Reg.Test.Tools", "Tests\Sol2Reg.Test.Tools\Sol2Reg.Test.Tools.csproj", "{01B30A2B-021C-4457-8E57-280F3C52FF95}"
EndProject
Global
	GlobalSection(SolutionConfigurationPlatforms) = preSolution
		Debug|Any CPU = Debug|Any CPU
		Release|Any CPU = Release|Any CPU
	EndGlobalSection
	GlobalSection(ProjectConfigurationPlatforms) = postSolution
		{FF42BE5F-76E5-48BD-A590-0DABCC1901C9}.Debug|Any CPU.ActiveCfg = Debug|Any CPU
		{FF42BE5F-76E5-48BD-A590-0DABCC1901C9}.Debug|Any CPU.Build.0 = Debug|Any CPU
		{FF42BE5F-76E5-48BD-A590-0DABCC1901C9}.Release|Any CPU.ActiveCfg = Release|Any CPU
		{FF42BE5F-76E5-48BD-A590-0DABCC1901C9}.Release|Any CPU.Build.0 = Release|Any CPU
		{5E6A9BF5-35DF-459E-9742-EDB8E1902689}.Debug|Any CPU.ActiveCfg = Debug|Any CPU
		{5E6A9BF5-35DF-459E-9742-EDB8E1902689}.Debug|Any CPU.Build.0 = Debug|Any CPU
		{5E6A9BF5-35DF-459E-9742-EDB8E1902689}.Release|Any CPU.ActiveCfg = Release|Any CPU
		{5E6A9BF5-35DF-459E-9742-EDB8E1902689}.Release|Any CPU.Build.0 = Release|Any CPU
		{554D1A8D-701B-4B6D-A679-4286850FC66E}.Debug|Any CPU.ActiveCfg = Debug|Any CPU
		{554D1A8D-701B-4B6D-A679-4286850FC66E}.Debug|Any CPU.Build.0 = Debug|Any CPU
		{554D1A8D-701B-4B6D-A679-4286850FC66E}.Release|Any CPU.ActiveCfg = Release|Any CPU
		{554D1A8D-701B-4B6D-A679-4286850FC66E}.Release|Any CPU.Build.0 = Release|Any CPU
		{5FB9C424-4177-48B2-A109-F4FD1E25557C}.Debug|Any CPU.ActiveCfg = Debug|Any CPU
		{5FB9C424-4177-48B2-A109-F4FD1E25557C}.Debug|Any CPU.Build.0 = Debug|Any CPU
		{5FB9C424-4177-48B2-A109-F4FD1E25557C}.Release|Any CPU.ActiveCfg = Release|Any CPU
		{5FB9C424-4177-48B2-A109-F4FD1E25557C}.Release|Any CPU.Build.0 = Release|Any CPU
		{F4225537-D4C1-4632-954D-3650E223B78A}.Debug|Any CPU.ActiveCfg = Debug|Any CPU
		{F4225537-D4C1-4632-954D-3650E223B78A}.Debug|Any CPU.Build.0 = Debug|Any CPU
		{F4225537-D4C1-4632-954D-3650E223B78A}.Release|Any CPU.ActiveCfg = Release|Any CPU
		{F4225537-D4C1-4632-954D-3650E223B78A}.Release|Any CPU.Build.0 = Release|Any CPU
		{7B0FBB41-000D-41F5-B8D2-2FB6F895E1D5}.Debug|Any CPU.ActiveCfg = Debug|Any CPU
		{7B0FBB41-000D-41F5-B8D2-2FB6F895E1D5}.Debug|Any CPU.Build.0 = Debug|Any CPU
		{7B0FBB41-000D-41F5-B8D2-2FB6F895E1D5}.Release|Any CPU.ActiveCfg = Release|Any CPU
		{7B0FBB41-000D-41F5-B8D2-2FB6F895E1D5}.Release|Any CPU.Build.0 = Release|Any CPU
		{15B3E0D2-6217-493A-A690-158C497F5318}.Debug|Any CPU.ActiveCfg = Debug|Any CPU
		{15B3E0D2-6217-493A-A690-158C497F5318}.Debug|Any CPU.Build.0 = Debug|Any CPU
		{15B3E0D2-6217-493A-A690-158C497F5318}.Release|Any CPU.ActiveCfg = Release|Any CPU
		{15B3E0D2-6217-493A-A690-158C497F5318}.Release|Any CPU.Build.0 = Release|Any CPU
		{1A4A2472-E210-4BD8-8C80-2A16A3E11AD9}.Debug|Any CPU.ActiveCfg = Debug|Any CPU
		{1A4A2472-E210-4BD8-8C80-2A16A3E11AD9}.Debug|Any CPU.Build.0 = Debug|Any CPU
		{1A4A2472-E210-4BD8-8C80-2A16A3E11AD9}.Release|Any CPU.ActiveCfg = Release|Any CPU
		{1A4A2472-E210-4BD8-8C80-2A16A3E11AD9}.Release|Any CPU.Build.0 = Release|Any CPU
		{C3C5D91E-EFEE-47C9-8AC5-7CE3ED7D029E}.Debug|Any CPU.ActiveCfg = Debug|Any CPU
		{C3C5D91E-EFEE-47C9-8AC5-7CE3ED7D029E}.Debug|Any CPU.Build.0 = Debug|Any CPU
		{C3C5D91E-EFEE-47C9-8AC5-7CE3ED7D029E}.Release|Any CPU.ActiveCfg = Release|Any CPU
		{C3C5D91E-EFEE-47C9-8AC5-7CE3ED7D029E}.Release|Any CPU.Build.0 = Release|Any CPU
		{A7E8C88D-49FD-42A9-BD3E-20EEA2E90C3C}.Debug|Any CPU.ActiveCfg = Debug|Any CPU
		{A7E8C88D-49FD-42A9-BD3E-20EEA2E90C3C}.Debug|Any CPU.Build.0 = Debug|Any CPU
		{A7E8C88D-49FD-42A9-BD3E-20EEA2E90C3C}.Release|Any CPU.ActiveCfg = Release|Any CPU
		{A7E8C88D-49FD-42A9-BD3E-20EEA2E90C3C}.Release|Any CPU.Build.0 = Release|Any CPU
		{B5B3C9BD-4637-45DD-ACA2-BBCE7FEF3F92}.Debug|Any CPU.ActiveCfg = Debug|Any CPU
		{B5B3C9BD-4637-45DD-ACA2-BBCE7FEF3F92}.Debug|Any CPU.Build.0 = Debug|Any CPU
		{B5B3C9BD-4637-45DD-ACA2-BBCE7FEF3F92}.Release|Any CPU.ActiveCfg = Release|Any CPU
		{B5B3C9BD-4637-45DD-ACA2-BBCE7FEF3F92}.Release|Any CPU.Build.0 = Release|Any CPU
		{70BA5B70-F0A9-4D3C-83B1-EBC1F01B4302}.Debug|Any CPU.ActiveCfg = Debug|Any CPU
		{70BA5B70-F0A9-4D3C-83B1-EBC1F01B4302}.Debug|Any CPU.Build.0 = Debug|Any CPU
		{70BA5B70-F0A9-4D3C-83B1-EBC1F01B4302}.Release|Any CPU.ActiveCfg = Release|Any CPU
		{70BA5B70-F0A9-4D3C-83B1-EBC1F01B4302}.Release|Any CPU.Build.0 = Release|Any CPU
		{76A66726-2BFC-450B-9D81-1A3865F66EB1}.Debug|Any CPU.ActiveCfg = Debug|Any CPU
		{76A66726-2BFC-450B-9D81-1A3865F66EB1}.Debug|Any CPU.Build.0 = Debug|Any CPU
		{76A66726-2BFC-450B-9D81-1A3865F66EB1}.Release|Any CPU.ActiveCfg = Release|Any CPU
		{76A66726-2BFC-450B-9D81-1A3865F66EB1}.Release|Any CPU.Build.0 = Release|Any CPU
		{EAA7C8DA-10C5-431F-B9F0-BDD679D4D74B}.Debug|Any CPU.ActiveCfg = Debug|Any CPU
		{EAA7C8DA-10C5-431F-B9F0-BDD679D4D74B}.Debug|Any CPU.Build.0 = Debug|Any CPU
		{EAA7C8DA-10C5-431F-B9F0-BDD679D4D74B}.Release|Any CPU.ActiveCfg = Release|Any CPU
		{EAA7C8DA-10C5-431F-B9F0-BDD679D4D74B}.Release|Any CPU.Build.0 = Release|Any CPU
		{830D2314-D835-4053-9DBC-229627FBAD3F}.Debug|Any CPU.ActiveCfg = Debug|Any CPU
		{830D2314-D835-4053-9DBC-229627FBAD3F}.Debug|Any CPU.Build.0 = Debug|Any CPU
		{830D2314-D835-4053-9DBC-229627FBAD3F}.Release|Any CPU.ActiveCfg = Release|Any CPU
		{830D2314-D835-4053-9DBC-229627FBAD3F}.Release|Any CPU.Build.0 = Release|Any CPU
		{5A2E0FE6-57BC-4AB4-9139-BBA7A669F620}.Debug|Any CPU.ActiveCfg = Debug|Any CPU
		{5A2E0FE6-57BC-4AB4-9139-BBA7A669F620}.Debug|Any CPU.Build.0 = Debug|Any CPU
		{5A2E0FE6-57BC-4AB4-9139-BBA7A669F620}.Release|Any CPU.ActiveCfg = Release|Any CPU
		{5A2E0FE6-57BC-4AB4-9139-BBA7A669F620}.Release|Any CPU.Build.0 = Release|Any CPU
		{01B30A2B-021C-4457-8E57-280F3C52FF95}.Debug|Any CPU.ActiveCfg = Debug|Any CPU
		{01B30A2B-021C-4457-8E57-280F3C52FF95}.Debug|Any CPU.Build.0 = Debug|Any CPU
		{01B30A2B-021C-4457-8E57-280F3C52FF95}.Release|Any CPU.ActiveCfg = Release|Any CPU
		{01B30A2B-021C-4457-8E57-280F3C52FF95}.Release|Any CPU.Build.0 = Release|Any CPU
	EndGlobalSection
	GlobalSection(SolutionProperties) = preSolution
		HideSolutionNode = FALSE
	EndGlobalSection
	GlobalSection(NestedProjects) = preSolution
		{5E6A9BF5-35DF-459E-9742-EDB8E1902689} = {50546F75-B639-4586-B7B4-4DBC14E36FEC}
		{554D1A8D-701B-4B6D-A679-4286850FC66E} = {50546F75-B639-4586-B7B4-4DBC14E36FEC}
		{5FB9C424-4177-48B2-A109-F4FD1E25557C} = {50546F75-B639-4586-B7B4-4DBC14E36FEC}
		{F4225537-D4C1-4632-954D-3650E223B78A} = {50546F75-B639-4586-B7B4-4DBC14E36FEC}
		{7B0FBB41-000D-41F5-B8D2-2FB6F895E1D5} = {50546F75-B639-4586-B7B4-4DBC14E36FEC}
		{15B3E0D2-6217-493A-A690-158C497F5318} = {50546F75-B639-4586-B7B4-4DBC14E36FEC}
		{1A4A2472-E210-4BD8-8C80-2A16A3E11AD9} = {50546F75-B639-4586-B7B4-4DBC14E36FEC}
		{FF42BE5F-76E5-48BD-A590-0DABCC1901C9} = {50546F75-B639-4586-B7B4-4DBC14E36FEC}
		{76A66726-2BFC-450B-9D81-1A3865F66EB1} = {50546F75-B639-4586-B7B4-4DBC14E36FEC}
		{A7E8C88D-49FD-42A9-BD3E-20EEA2E90C3C} = {8A6DE63F-9214-4906-A2A6-7BEBD351519B}
		{B5B3C9BD-4637-45DD-ACA2-BBCE7FEF3F92} = {8A6DE63F-9214-4906-A2A6-7BEBD351519B}
		{C3C5D91E-EFEE-47C9-8AC5-7CE3ED7D029E} = {8A6DE63F-9214-4906-A2A6-7BEBD351519B}
		{70BA5B70-F0A9-4D3C-83B1-EBC1F01B4302} = {8A6DE63F-9214-4906-A2A6-7BEBD351519B}
		{EAA7C8DA-10C5-431F-B9F0-BDD679D4D74B} = {46EF97C4-7B41-4FAF-80EA-BB3519467F40}
		{830D2314-D835-4053-9DBC-229627FBAD3F} = {46EF97C4-7B41-4FAF-80EA-BB3519467F40}
		{5A2E0FE6-57BC-4AB4-9139-BBA7A669F620} = {46EF97C4-7B41-4FAF-80EA-BB3519467F40}
		{01B30A2B-021C-4457-8E57-280F3C52FF95} = {46EF97C4-7B41-4FAF-80EA-BB3519467F40}
	EndGlobalSection
	GlobalSection(Performance) = preSolution
		HasPerformanceSessions = true
	EndGlobalSection
	GlobalSection(CodealikeProperties) = postSolution
		SolutionGuid = e493c8f6-ad6e-42ff-8ee6-9d9dde3c3463
	EndGlobalSection
EndGlobal
